
Microsoft Visual Studio Solution File, Format Version 12.00
# Visual Studio 15
Project("{FAE04EC0-301F-11D3-BF4B-00C04F79EFBC}") = "Blog", "Blog\Blog.csproj", "{557EF957-F6EC-480E-983E-416655357482}"
EndProject
Global
	GlobalSection(SolutionConfigurationPlatforms) = preSolution
		Debug|Any CPU = Debug|Any CPU
		Release|Any CPU = Release|Any CPU
	EndGlobalSection
	GlobalSection(ProjectConfigurationPlatforms) = postSolution
		{557EF957-F6EC-480E-983E-416655357482}.Debug|Any CPU.ActiveCfg = Debug|Any CPU
		{557EF957-F6EC-480E-983E-416655357482}.Debug|Any CPU.Build.0 = Debug|Any CPU
		{557EF957-F6EC-480E-983E-416655357482}.Release|Any CPU.ActiveCfg = Release|Any CPU
		{557EF957-F6EC-480E-983E-416655357482}.Release|Any CPU.Build.0 = Release|Any CPU
	EndGlobalSection
EndGlobal
